
Microsoft Visual Studio Solution File, Format Version 12.00
# Visual Studio Version 17
VisualStudioVersion = 17.7.34024.191
MinimumVisualStudioVersion = 10.0.40219.1
Project("{FAE04EC0-301F-11D3-BF4B-00C04F79EFBC}") = "ProductService", "ProductService\ProductService.csproj", "{94010814-2D44-44D4-ACAD-40184D439010}"
EndProject
Project("{FAE04EC0-301F-11D3-BF4B-00C04F79EFBC}") = "APIGate", "APIGate\APIGate.csproj", "{450B7299-67D0-4D3D-96D1-1E38A132DAB5}"
EndProject
Global
	GlobalSection(SolutionConfigurationPlatforms) = preSolution
		Debug|Any CPU = Debug|Any CPU
		Release|Any CPU = Release|Any CPU
	EndGlobalSection
	GlobalSection(ProjectConfigurationPlatforms) = postSolution
		{94010814-2D44-44D4-ACAD-40184D439010}.Debug|Any CPU.ActiveCfg = Debug|Any CPU
		{94010814-2D44-44D4-ACAD-40184D439010}.Debug|Any CPU.Build.0 = Debug|Any CPU
		{94010814-2D44-44D4-ACAD-40184D439010}.Release|Any CPU.ActiveCfg = Release|Any CPU
		{94010814-2D44-44D4-ACAD-40184D439010}.Release|Any CPU.Build.0 = Release|Any CPU
		{450B7299-67D0-4D3D-96D1-1E38A132DAB5}.Debug|Any CPU.ActiveCfg = Debug|Any CPU
		{450B7299-67D0-4D3D-96D1-1E38A132DAB5}.Debug|Any CPU.Build.0 = Debug|Any CPU
		{450B7299-67D0-4D3D-96D1-1E38A132DAB5}.Release|Any CPU.ActiveCfg = Release|Any CPU
		{450B7299-67D0-4D3D-96D1-1E38A132DAB5}.Release|Any CPU.Build.0 = Release|Any CPU
	EndGlobalSection
	GlobalSection(SolutionProperties) = preSolution
		HideSolutionNode = FALSE
	EndGlobalSection
	GlobalSection(ExtensibilityGlobals) = postSolution
		SolutionGuid = {0F11EC5D-EA3C-412A-851E-2C4374D3DCA8}
	EndGlobalSection
EndGlobal
